
Microsoft Visual Studio Solution File, Format Version 12.00
# Visual Studio 2012
Project("{FAE04EC0-301F-11D3-BF4B-00C04F79EFBC}") = "Mannex", "src\Mannex.csproj", "{F577B73C-2D61-4D06-A641-7610D173C1E0}"
EndProject
Project("{FAE04EC0-301F-11D3-BF4B-00C04F79EFBC}") = "Mannex.Tests", "tests\Mannex.Tests.csproj", "{3729AB0B-288A-4752-9807-3C6997B51502}"
EndProject
Project("{2150E333-8FDC-42A3-9474-1A3956D46DE8}") = "Solution Items", "Solution Items", "{31212181-615C-4FB7-A8C6-9618D618CE3D}"
	ProjectSection(SolutionItems) = preProject
		build.cmd = build.cmd
		buildw.cmd = buildw.cmd
		COPYING.txt = COPYING.txt
		pkg\Mannex.nuspec = pkg\Mannex.nuspec
		pack.cmd = pack.cmd
		packw.cmd = packw.cmd
	EndProjectSection
EndProject
Global
	GlobalSection(SolutionConfigurationPlatforms) = preSolution
		NETFX 3.5 Debug|Any CPU = NETFX 3.5 Debug|Any CPU
		NETFX 3.5 Release|Any CPU = NETFX 3.5 Release|Any CPU
		NETFX 4.0 Debug|Any CPU = NETFX 4.0 Debug|Any CPU
		NETFX 4.0 Release|Any CPU = NETFX 4.0 Release|Any CPU
	EndGlobalSection
	GlobalSection(ProjectConfigurationPlatforms) = postSolution
		{F577B73C-2D61-4D06-A641-7610D173C1E0}.NETFX 3.5 Debug|Any CPU.ActiveCfg = NETFX 3.5 Debug|Any CPU
		{F577B73C-2D61-4D06-A641-7610D173C1E0}.NETFX 3.5 Debug|Any CPU.Build.0 = NETFX 3.5 Debug|Any CPU
		{F577B73C-2D61-4D06-A641-7610D173C1E0}.NETFX 3.5 Release|Any CPU.ActiveCfg = NETFX 3.5 Release|Any CPU
		{F577B73C-2D61-4D06-A641-7610D173C1E0}.NETFX 3.5 Release|Any CPU.Build.0 = NETFX 3.5 Release|Any CPU
		{F577B73C-2D61-4D06-A641-7610D173C1E0}.NETFX 4.0 Debug|Any CPU.ActiveCfg = NETFX 4.0 Debug|Any CPU
		{F577B73C-2D61-4D06-A641-7610D173C1E0}.NETFX 4.0 Debug|Any CPU.Build.0 = NETFX 4.0 Debug|Any CPU
		{F577B73C-2D61-4D06-A641-7610D173C1E0}.NETFX 4.0 Release|Any CPU.ActiveCfg = NETFX 4.0 Release|Any CPU
		{F577B73C-2D61-4D06-A641-7610D173C1E0}.NETFX 4.0 Release|Any CPU.Build.0 = NETFX 4.0 Release|Any CPU
		{3729AB0B-288A-4752-9807-3C6997B51502}.NETFX 3.5 Debug|Any CPU.ActiveCfg = NETFX 4.0 Debug|Any CPU
		{3729AB0B-288A-4752-9807-3C6997B51502}.NETFX 3.5 Release|Any CPU.ActiveCfg = NETFX 4.0 Debug|Any CPU
		{3729AB0B-288A-4752-9807-3C6997B51502}.NETFX 4.0 Debug|Any CPU.ActiveCfg = NETFX 4.0 Debug|Any CPU
		{3729AB0B-288A-4752-9807-3C6997B51502}.NETFX 4.0 Debug|Any CPU.Build.0 = NETFX 4.0 Debug|Any CPU
		{3729AB0B-288A-4752-9807-3C6997B51502}.NETFX 4.0 Release|Any CPU.ActiveCfg = NETFX 4.0 Debug|Any CPU
		{3729AB0B-288A-4752-9807-3C6997B51502}.NETFX 4.0 Release|Any CPU.Build.0 = NETFX 4.0 Debug|Any CPU
	EndGlobalSection
	GlobalSection(SolutionProperties) = preSolution
		HideSolutionNode = FALSE
	EndGlobalSection
EndGlobal
